
Microsoft Visual Studio Solution File, Format Version 12.00
# Visual Studio Version 17
VisualStudioVersion = 17.5.33530.505
MinimumVisualStudioVersion = 10.0.40219.1
Project("{FAE04EC0-301F-11D3-BF4B-00C04F79EFBC}") = "TestApp", "TestApp\TestApp.csproj", "{B383E2F9-3472-43EF-999B-1CA0BFC8A5C5}"
EndProject
Project("{FAE04EC0-301F-11D3-BF4B-00C04F79EFBC}") = "Tests", "Tests\Tests.csproj", "{DA21F404-F17A-4835-8F93-FDBC982D43CB}"
EndProject
Global
	GlobalSection(SolutionConfigurationPlatforms) = preSolution
		Debug|Any CPU = Debug|Any CPU
		Release|Any CPU = Release|Any CPU
	EndGlobalSection
	GlobalSection(ProjectConfigurationPlatforms) = postSolution
		{B383E2F9-3472-43EF-999B-1CA0BFC8A5C5}.Debug|Any CPU.ActiveCfg = Debug|Any CPU
		{B383E2F9-3472-43EF-999B-1CA0BFC8A5C5}.Debug|Any CPU.Build.0 = Debug|Any CPU
		{B383E2F9-3472-43EF-999B-1CA0BFC8A5C5}.Release|Any CPU.ActiveCfg = Release|Any CPU
		{B383E2F9-3472-43EF-999B-1CA0BFC8A5C5}.Release|Any CPU.Build.0 = Release|Any CPU
		{DA21F404-F17A-4835-8F93-FDBC982D43CB}.Debug|Any CPU.ActiveCfg = Debug|Any CPU
		{DA21F404-F17A-4835-8F93-FDBC982D43CB}.Debug|Any CPU.Build.0 = Debug|Any CPU
		{DA21F404-F17A-4835-8F93-FDBC982D43CB}.Release|Any CPU.ActiveCfg = Release|Any CPU
		{DA21F404-F17A-4835-8F93-FDBC982D43CB}.Release|Any CPU.Build.0 = Release|Any CPU
	EndGlobalSection
	GlobalSection(SolutionProperties) = preSolution
		HideSolutionNode = FALSE
	EndGlobalSection
	GlobalSection(ExtensibilityGlobals) = postSolution
		SolutionGuid = {EDA49200-4FD2-402B-8D13-1B17FD701BEC}
	EndGlobalSection
EndGlobal
